# Generated by pub
# See https://dart.dev/tools/pub/glossary#lockfile
packages:
  async:
    dependency: transitive
    description:
      name: async
      url: "https://pub.dartlang.org"
    source: hosted
    version: "2.4.2"
  audio_service:
    dependency: "direct main"
    description:
      path: "."
      ref: HEAD
      resolved-ref: "8a9227d1bed183a7eaee3d9a8f0e25dffa2e7c23"
      url: "https://github.com/hacker1024/audio_service"
    source: git
    version: "0.15.3"
  audio_session:
    dependency: transitive
    description:
      name: audio_session
      url: "https://pub.dartlang.org"
    source: hosted
    version: "0.0.9"
  cached_network_image:
    dependency: "direct main"
    description:
      name: cached_network_image
      url: "https://pub.dartlang.org"
    source: hosted
    version: "2.3.3"
  characters:
    dependency: transitive
    description:
      name: characters
      url: "https://pub.dartlang.org"
    source: hosted
    version: "1.1.0-nullsafety.4"
  charcode:
    dependency: transitive
    description:
      name: charcode
      url: "https://pub.dartlang.org"
    source: hosted
    version: "1.1.3"
  clock:
    dependency: transitive
    description:
      name: clock
      url: "https://pub.dartlang.org"
    source: hosted
    version: "1.0.1"
  collection:
    dependency: transitive
    description:
      name: collection
      url: "https://pub.dartlang.org"
    source: hosted
    version: "1.15.0-nullsafety.4"
  convert:
    dependency: transitive
    description:
      name: convert
      url: "https://pub.dartlang.org"
    source: hosted
    version: "2.1.1"
  crypto:
    dependency: transitive
    description:
      name: crypto
      url: "https://pub.dartlang.org"
    source: hosted
    version: "2.1.5"
  email_validator:
    dependency: "direct main"
    description:
      name: email_validator
      url: "https://pub.dartlang.org"
    source: hosted
    version: "1.0.6"
  epimetheus_nullable:
    dependency: "direct main"
    description:
      path: "packages/epimetheus_nullable"
      relative: true
    source: path
    version: "0.1.0+1"
  equatable:
    dependency: transitive
    description:
      name: equatable
      url: "https://pub.dartlang.org"
    source: hosted
    version: "1.2.5"
  esys_flutter_share:
    dependency: "direct main"
    description:
      path: "."
      ref: "148e664e0bff7c61266e74104950ae9abe3d1e61"
      resolved-ref: "148e664e0bff7c61266e74104950ae9abe3d1e61"
      url: "git://github.com/jawad12345A/esys-flutter-share.git"
    source: git
    version: "1.0.2"
  fast_marquee:
    dependency: "direct main"
    description:
      name: fast_marquee
      url: "https://pub.dartlang.org"
    source: hosted
    version: "0.1.1"
  ffi:
    dependency: transitive
    description:
      name: ffi
      url: "https://pub.dartlang.org"
    source: hosted
    version: "0.1.3"
  file:
    dependency: transitive
    description:
      name: file
      url: "https://pub.dartlang.org"
    source: hosted
    version: "5.2.1"
  flare_dart:
    dependency: transitive
    description:
      name: flare_dart
      url: "https://pub.dartlang.org"
    source: hosted
    version: "2.3.4"
  flare_flutter:
    dependency: "direct main"
    description:
      name: flare_flutter
      url: "https://pub.dartlang.org"
    source: hosted
    version: "2.0.6"
  flutter:
    dependency: "direct main"
    description: flutter
    source: sdk
    version: "0.0.0"
  flutter_blurhash:
    dependency: transitive
    description:
      name: flutter_blurhash
      url: "https://pub.dartlang.org"
    source: hosted
    version: "0.5.0"
  flutter_cache_manager:
    dependency: "direct main"
    description:
      name: flutter_cache_manager
      url: "https://pub.dartlang.org"
    source: hosted
    version: "1.4.2"
  flutter_isolate:
    dependency: transitive
    description:
      name: flutter_isolate
      url: "https://pub.dartlang.org"
    source: hosted
    version: "1.0.0+14"
  flutter_mobx:
    dependency: "direct main"
    description:
      name: flutter_mobx
      url: "https://pub.dartlang.org"
    source: hosted
    version: "1.1.0+2"
  flutter_secure_storage:
    dependency: "direct main"
    description:
      name: flutter_secure_storage
      url: "https://pub.dartlang.org"
    source: hosted
    version: "3.3.5"
  flutter_web_plugins:
    dependency: transitive
    description: flutter
    source: sdk
    version: "0.0.0"
  get_it:
    dependency: "direct main"
    description:
      name: get_it
      url: "https://pub.dartlang.org"
    source: hosted
    version: "5.0.1"
  hive:
    dependency: transitive
    description:
      name: hive
      url: "https://pub.dartlang.org"
    source: hosted
    version: "1.4.4+1"
  hive_flutter:
    dependency: transitive
    description:
      name: hive_flutter
      url: "https://pub.dartlang.org"
    source: hosted
    version: "0.3.1"
  http:
    dependency: transitive
    description:
      name: http
      url: "https://pub.dartlang.org"
    source: hosted
    version: "0.12.2"
  http_parser:
    dependency: transitive
    description:
      name: http_parser
      url: "https://pub.dartlang.org"
    source: hosted
    version: "3.1.4"
  iapetus:
    dependency: "direct main"
    description:
      path: "packages/iapetus"
      relative: true
    source: path
    version: "0.1.0"
  infinite_scroll_pagination:
    dependency: "direct main"
    description:
      path: "."
      ref: f566f01cdc5a7a8916139b4ebfe6e08058edad75
      resolved-ref: f566f01cdc5a7a8916139b4ebfe6e08058edad75
      url: "git://github.com/EdsonBueno/infinite_scroll_pagination.git"
    source: git
    version: "2.2.2"
  intl:
    dependency: transitive
    description:
      name: intl
      url: "https://pub.dartlang.org"
    source: hosted
    version: "0.16.1"
  js:
    dependency: transitive
    description:
      name: js
      url: "https://pub.dartlang.org"
    source: hosted
    version: "0.6.3-nullsafety.2"
  just_audio:
    dependency: "direct main"
    description:
      name: just_audio
      url: "https://pub.dartlang.org"
    source: hosted
    version: "0.5.6"
  just_audio_platform_interface:
    dependency: transitive
    description:
      name: just_audio_platform_interface
      url: "https://pub.dartlang.org"
    source: hosted
    version: "1.1.1"
  just_audio_web:
    dependency: transitive
    description:
      name: just_audio_web
      url: "https://pub.dartlang.org"
    source: hosted
    version: "0.1.1"
  logger:
    dependency: "direct main"
    description:
      name: logger
      url: "https://pub.dartlang.org"
    source: hosted
    version: "0.9.4"
  logger_flutter:
    dependency: "direct main"
    description:
      path: "."
      ref: "3872e8d9261ec70663725aca24591ff9636a3861"
      resolved-ref: "3872e8d9261ec70663725aca24591ff9636a3861"
      url: "https://github.com/ewertonrp/logger_flutter"
    source: git
    version: "0.9.0"
  meta:
    dependency: transitive
    description:
      name: meta
      url: "https://pub.dartlang.org"
    source: hosted
    version: "1.3.0-nullsafety.5"
  mime:
    dependency: "direct main"
    description:
      name: mime
      url: "https://pub.dartlang.org"
    source: hosted
    version: "0.9.7"
  mobx:
    dependency: "direct main"
    description:
      name: mobx
      url: "https://pub.dartlang.org"
    source: hosted
    version: "1.2.1+4"
  octo_image:
    dependency: transitive
    description:
      name: octo_image
      url: "https://pub.dartlang.org"
    source: hosted
    version: "0.3.0"
  path:
    dependency: transitive
    description:
      name: path
      url: "https://pub.dartlang.org"
    source: hosted
    version: "1.7.0"
  path_provider:
    dependency: transitive
    description:
      name: path_provider
      url: "https://pub.dartlang.org"
    source: hosted
    version: "1.6.24"
  path_provider_linux:
    dependency: transitive
    description:
      name: path_provider_linux
      url: "https://pub.dartlang.org"
    source: hosted
    version: "0.0.1+2"
  path_provider_macos:
    dependency: transitive
    description:
      name: path_provider_macos
      url: "https://pub.dartlang.org"
    source: hosted
    version: "0.0.4+6"
  path_provider_platform_interface:
    dependency: transitive
    description:
      name: path_provider_platform_interface
      url: "https://pub.dartlang.org"
    source: hosted
    version: "1.0.4"
  path_provider_windows:
    dependency: transitive
    description:
      name: path_provider_windows
      url: "https://pub.dartlang.org"
    source: hosted
    version: "0.0.4+3"
  pedantic:
    dependency: "direct main"
    description:
      name: pedantic
      url: "https://pub.dartlang.org"
    source: hosted
    version: "1.10.0-nullsafety.2"
  platform:
    dependency: transitive
    description:
      name: platform
      url: "https://pub.dartlang.org"
    source: hosted
    version: "2.2.1"
  plugin_platform_interface:
    dependency: transitive
    description:
      name: plugin_platform_interface
      url: "https://pub.dartlang.org"
    source: hosted
    version: "1.1.0-nullsafety"
  popup_menu_title:
    dependency: "direct main"
    description:
      name: popup_menu_title
      url: "https://pub.dartlang.org"
    source: hosted
    version: "1.0.0-nullsafety.2"
  process:
    dependency: transitive
    description:
      name: process
      url: "https://pub.dartlang.org"
    source: hosted
    version: "3.0.13"
  prompt_dialog:
    dependency: "direct main"
    description:
      name: prompt_dialog
      url: "https://pub.dartlang.org"
    source: hosted
    version: "0.1.1"
  proxies:
    dependency: "direct main"
    description:
      path: "."
      ref: "8aa79d18e5cf9548d83a985a885a1ae6937f75ad"
      resolved-ref: "8aa79d18e5cf9548d83a985a885a1ae6937f75ad"
      url: "https://github.com/hacker1024/proxies"
    source: git
    version: "0.2.0"
  rxdart:
    dependency: transitive
    description:
      name: rxdart
      url: "https://pub.dartlang.org"
    source: hosted
    version: "0.24.1"
  sensors:
    dependency: transitive
    description:
      name: sensors
      url: "https://pub.dartlang.org"
    source: hosted
    version: "0.4.2+6"
  shared_preferences:
    dependency: "direct main"
    description:
      name: shared_preferences
      url: "https://pub.dartlang.org"
    source: hosted
    version: "0.5.12+4"
  shared_preferences_linux:
    dependency: transitive
    description:
      name: shared_preferences_linux
      url: "https://pub.dartlang.org"
    source: hosted
    version: "0.0.2+4"
  shared_preferences_macos:
    dependency: transitive
    description:
      name: shared_preferences_macos
      url: "https://pub.dartlang.org"
    source: hosted
    version: "0.0.1+11"
  shared_preferences_platform_interface:
    dependency: transitive
    description:
      name: shared_preferences_platform_interface
      url: "https://pub.dartlang.org"
    source: hosted
    version: "1.0.4"
  shared_preferences_web:
    dependency: transitive
    description:
      name: shared_preferences_web
      url: "https://pub.dartlang.org"
    source: hosted
    version: "0.1.2+7"
  shared_preferences_windows:
    dependency: transitive
    description:
      name: shared_preferences_windows
      url: "https://pub.dartlang.org"
    source: hosted
    version: "0.0.1+3"
  sky_engine:
    dependency: transitive
    description: flutter
    source: sdk
    version: "0.0.99"
  sliver_tools:
    dependency: transitive
    description:
      name: sliver_tools
      url: "https://pub.dartlang.org"
    source: hosted
    version: "0.1.8"
  source_span:
    dependency: transitive
    description:
      name: source_span
      url: "https://pub.dartlang.org"
    source: hosted
    version: "1.7.0"
  sqflite:
    dependency: "direct overridden"
    description:
      name: sqflite
      url: "https://pub.dartlang.org"
    source: hosted
    version: "1.3.1+2"
  sqflite_common:
    dependency: transitive
    description:
      name: sqflite_common
      url: "https://pub.dartlang.org"
    source: hosted
    version: "1.0.2+1"
  string_scanner:
    dependency: transitive
    description:
      name: string_scanner
      url: "https://pub.dartlang.org"
    source: hosted
    version: "1.0.5"
  synchronized:
    dependency: transitive
    description:
      name: synchronized
      url: "https://pub.dartlang.org"
    source: hosted
    version: "2.2.0+2"
  term_glyph:
    dependency: transitive
    description:
      name: term_glyph
      url: "https://pub.dartlang.org"
    source: hosted
    version: "1.1.0"
  typed_data:
    dependency: transitive
    description:
      name: typed_data
      url: "https://pub.dartlang.org"
    source: hosted
    version: "1.3.0-nullsafety.4"
  url_launcher:
    dependency: "direct main"
    description:
      name: url_launcher
      url: "https://pub.dartlang.org"
    source: hosted
    version: "6.0.0-nullsafety"
  url_launcher_linux:
    dependency: transitive
    description:
      name: url_launcher_linux
      url: "https://pub.dartlang.org"
    source: hosted
    version: "0.1.0-nullsafety"
  url_launcher_macos:
    dependency: transitive
    description:
      name: url_launcher_macos
      url: "https://pub.dartlang.org"
    source: hosted
    version: "0.1.0-nullsafety"
  url_launcher_platform_interface:
    dependency: transitive
    description:
      name: url_launcher_platform_interface
      url: "https://pub.dartlang.org"
    source: hosted
    version: "2.0.0-nullsafety"
  url_launcher_windows:
    dependency: transitive
    description:
      name: url_launcher_windows
      url: "https://pub.dartlang.org"
    source: hosted
    version: "0.1.0-nullsafety"
  uuid:
    dependency: transitive
    description:
      name: uuid
      url: "https://pub.dartlang.org"
    source: hosted
    version: "2.2.2"
  vector_math:
    dependency: transitive
    description:
      name: vector_math
      url: "https://pub.dartlang.org"
    source: hosted
    version: "2.1.0-nullsafety.4"
  win32:
    dependency: transitive
    description:
      name: win32
      url: "https://pub.dartlang.org"
    source: hosted
    version: "1.7.3"
  xdg_directories:
    dependency: transitive
    description:
      name: xdg_directories
      url: "https://pub.dartlang.org"
    source: hosted
    version: "0.1.2"
sdks:
  dart: ">=2.11.0-260.0.dev <2.12.0"
  flutter: ">=1.22.0 <2.0.0"
